{
  "name": "SimpleContract",
  "version": "1.0.0",
  "lockfileVersion": 1,
  "requires": true,
  "dependencies": {
    "xdc3": {
      "version": "1.2.1211",
      "resolved": "https://registry.npmjs.org/xdc3/-/xdc3-1.2.1211.tgz",
      "integrity": "sha512-MADTGlX2NAi9qyIq0xQILtRqthjikXYEAsTx/urG4QMCMYRgtkzfgYk0gCIzn23alJe5Fl+BeTOl/OVzXWHy1g=="
    }
  }
}
